
Microsoft Visual Studio Solution File, Format Version 11.00
# Visual Studio 2010
Project("{8BC9CEB8-8B4A-11D0-8D11-00A0C91BC942}") = "ZTD", "ZTD\ZTD.vcxproj", "{B028C2A2-E8B2-43CA-AF2C-23F69D9955DC}"
EndProject
Global
	GlobalSection(SolutionConfigurationPlatforms) = preSolution
		Debug|Win32 = Debug|Win32
		Release|Win32 = Release|Win32
	EndGlobalSection
	GlobalSection(ProjectConfigurationPlatforms) = postSolution
		{B028C2A2-E8B2-43CA-AF2C-23F69D9955DC}.Debug|Win32.ActiveCfg = Debug|Win32
		{B028C2A2-E8B2-43CA-AF2C-23F69D9955DC}.Debug|Win32.Build.0 = Debug|Win32
		{B028C2A2-E8B2-43CA-AF2C-23F69D9955DC}.Release|Win32.ActiveCfg = Release|Win32
		{B028C2A2-E8B2-43CA-AF2C-23F69D9955DC}.Release|Win32.Build.0 = Release|Win32
	EndGlobalSection
	GlobalSection(SolutionProperties) = preSolution
		HideSolutionNode = FALSE
	EndGlobalSection
EndGlobal
